// !$*UTF8*$!
{
	archiveVersion = 1;
	classes = {
	};
	objectVersion = 50;
	objects = {

/* Begin PBXBuildFile section */
		6609CC62213EED1B007EC95D /* AppDelegate.swift in Sources */ = {isa = PBXBuildFile; fileRef = 6609CC61213EED1B007EC95D /* AppDelegate.swift */; };
		6609CC64213EED1B007EC95D /* ViewController.swift in Sources */ = {isa = PBXBuildFile; fileRef = 6609CC63213EED1B007EC95D /* ViewController.swift */; };
		6609CC67213EED1B007EC95D /* Main.storyboard in Resources */ = {isa = PBXBuildFile; fileRef = 6609CC65213EED1B007EC95D /* Main.storyboard */; };
		6609CC69213EED1E007EC95D /* Assets.xcassets in Resources */ = {isa = PBXBuildFile; fileRef = 6609CC68213EED1E007EC95D /* Assets.xcassets */; };
		6609CC6C213EED1E007EC95D /* LaunchScreen.storyboard in Resources */ = {isa = PBXBuildFile; fileRef = 6609CC6A213EED1E007EC95D /* LaunchScreen.storyboard */; };
		6609CC77213EED1E007EC95D /* ZoomableTableHeaderTests.swift in Sources */ = {isa = PBXBuildFile; fileRef = 6609CC76213EED1E007EC95D /* ZoomableTableHeaderTests.swift */; };
		6609CC82213EED1E007EC95D /* ZoomableTableHeaderUITests.swift in Sources */ = {isa = PBXBuildFile; fileRef = 6609CC81213EED1E007EC95D /* ZoomableTableHeaderUITests.swift */; };
/* End PBXBuildFile section */

/* Begin PBXContainerItemProxy section */
		6609CC73213EED1E007EC95D /* PBXContainerItemProxy */ = {
			isa = PBXContainerItemProxy;
			containerPortal = 6609CC56213EED1B007EC95D /* Project object */;
			proxyType = 1;
			remoteGlobalIDString = 6609CC5D213EED1B007EC95D;
			remoteInfo = ZoomableTableHeader;
		};
		6609CC7E213EED1E007EC95D /* PBXContainerItemProxy */ = {
			isa = PBXContainerItemProxy;
			containerPortal = 6609CC56213EED1B007EC95D /* Project object */;
			proxyType = 1;
			remoteGlobalIDString = 6609CC5D213EED1B007EC95D;
			remoteInfo = ZoomableTableHeader;
		};
/* End PBXContainerItemProxy section */

/* Begin PBXFileReference section */
		6609CC5E213EED1B007EC95D /* ZoomableTableHeader.app */ = {isa = PBXFileReference; explicitFileType = wrapper.application; includeInIndex = 0; path = ZoomableTableHeader.app; sourceTree = BUILT_PRODUCTS_DIR; };
		6609CC61213EED1B007EC95D /* AppDelegate.swift */ = {isa = PBXFileReference; lastKnownFileType = sourcecode.swift; path = AppDelegate.swift; sourceTree = "<group>"; };
		6609CC63213EED1B007EC95D /* ViewController.swift */ = {isa = PBXFileReference; lastKnownFileType = sourcecode.swift; path = ViewController.swift; sourceTree = "<group>"; };
		6609CC66213EED1B007EC95D /* Base */ = {isa = PBXFileReference; lastKnownFileType = file.storyboard; name = Base; path = Base.lproj/Main.storyboard; sourceTree = "<group>"; };
		6609CC68213EED1E007EC95D /* Assets.xcassets */ = {isa = PBXFileReference; lastKnownFileType = folder.assetcatalog; path = Assets.xcassets; sourceTree = "<group>"; };
		6609CC6B213EED1E007EC95D /* Base */ = {isa = PBXFileReference; lastKnownFileType = file.storyboard; name = Base; path = Base.lproj/LaunchScreen.storyboard; sourceTree = "<group>"; };
		6609CC6D213EED1E007EC95D /* Info.plist */ = {isa = PBXFileReference; lastKnownFileType = text.plist.xml; path = Info.plist; sourceTree = "<group>"; };
		6609CC72213EED1E007EC95D /* ZoomableTableHeaderTests.xctest */ = {isa = PBXFileReference; explicitFileType = wrapper.cfbundle; includeInIndex = 0; path = ZoomableTableHeaderTests.xctest; sourceTree = BUILT_PRODUCTS_DIR; };
		6609CC76213EED1E007EC95D /* ZoomableTableHeaderTests.swift */ = {isa = PBXFileReference; lastKnownFileType = sourcecode.swift; path = ZoomableTableHeaderTests.swift; sourceTree = "<group>"; };
		6609CC78213EED1E007EC95D /* Info.plist */ = {isa = PBXFileReference; lastKnownFileType = text.plist.xml; path = Info.plist; sourceTree = "<group>"; };
		6609CC7D213EED1E007EC95D /* ZoomableTableHeaderUITests.xctest */ = {isa = PBXFileReference; explicitFileType = wrapper.cfbundle; includeInIndex = 0; path = ZoomableTableHeaderUITests.xctest; sourceTree = BUILT_PRODUCTS_DIR; };
		6609CC81213EED1E007EC95D /* ZoomableTableHeaderUITests.swift */ = {isa = PBXFileReference; lastKnownFileType = sourcecode.swift; path = ZoomableTableHeaderUITests.swift; sourceTree = "<group>"; };
		6609CC83213EED1E007EC95D /* Info.plist */ = {isa = PBXFileReference; lastKnownFileType = text.plist.xml; path = Info.plist; sourceTree = "<group>"; };
/* End PBXFileReference section */

/* Begin PBXFrameworksBuildPhase section */
		6609CC5B213EED1B007EC95D /* Frameworks */ = {
			isa = PBXFrameworksBuildPhase;
			buildActionMask = 2147483647;
			files = (
			);
			runOnlyForDeploymentPostprocessing = 0;
		};
		6609CC6F213EED1E007EC95D /* Frameworks */ = {
			isa = PBXFrameworksBuildPhase;
			buildActionMask = 2147483647;
			files = (
			);
			runOnlyForDeploymentPostprocessing = 0;
		};
		6609CC7A213EED1E007EC95D /* Frameworks */ = {
			isa = PBXFrameworksBuildPhase;
			buildActionMask = 2147483647;
			files = (
			);
			runOnlyForDeploymentPostprocessing = 0;
		};
/* End PBXFrameworksBuildPhase section */

/* Begin PBXGroup section */
		6609CC55213EED1B007EC95D = {
			isa = PBXGroup;
			children = (
				6609CC60213EED1B007EC95D /* ZoomableTableHeader */,
				6609CC75213EED1E007EC95D /* ZoomableTableHeaderTests */,
				6609CC80213EED1E007EC95D /* ZoomableTableHeaderUITests */,
				6609CC5F213EED1B007EC95D /* Products */,
			);
			sourceTree = "<group>";
		};
		6609CC5F213EED1B007EC95D /* Products */ = {
			isa = PBXGroup;
			children = (
				6609CC5E213EED1B007EC95D /* ZoomableTableHeader.app */,
				6609CC72213EED1E007EC95D /* ZoomableTableHeaderTests.xctest */,
				6609CC7D213EED1E007EC95D /* ZoomableTableHeaderUITests.xctest */,
			);
			name = Products;
			sourceTree = "<group>";
		};
		6609CC60213EED1B007EC95D /* ZoomableTableHeader */ = {
			isa = PBXGroup;
			children = (
				6609CC61213EED1B007EC95D /* AppDelegate.swift */,
				6609CC63213EED1B007EC95D /* ViewController.swift */,
				6609CC65213EED1B007EC95D /* Main.storyboard */,
				6609CC68213EED1E007EC95D /* Assets.xcassets */,
				6609CC6A213EED1E007EC95D /* LaunchScreen.storyboard */,
				6609CC6D213EED1E007EC95D /* Info.plist */,
			);
			path = ZoomableTableHeader;
			sourceTree = "<group>";
		};
		6609CC75213EED1E007EC95D /* ZoomableTableHeaderTests */ = {
			isa = PBXGroup;
			children = (
				6609CC76213EED1E007EC95D /* ZoomableTableHeaderTests.swift */,
				6609CC78213EED1E007EC95D /* Info.plist */,
			);
			path = ZoomableTableHeaderTests;
			sourceTree = "<group>";
		};
		6609CC80213EED1E007EC95D /* ZoomableTableHeaderUITests */ = {
			isa = PBXGroup;
			children = (
				6609CC81213EED1E007EC95D /* ZoomableTableHeaderUITests.swift */,
				6609CC83213EED1E007EC95D /* Info.plist */,
			);
			path = ZoomableTableHeaderUITests;
			sourceTree = "<group>";
		};
/* End PBXGroup section */

/* Begin PBXNativeTarget section */
		6609CC5D213EED1B007EC95D /* ZoomableTableHeader */ = {
			isa = PBXNativeTarget;
			buildConfigurationList = 6609CC86213EED1E007EC95D /* Build configuration list for PBXNativeTarget "ZoomableTableHeader" */;
			buildPhases = (
				6609CC5A213EED1B007EC95D /* Sources */,
				6609CC5B213EED1B007EC95D /* Frameworks */,
				6609CC5C213EED1B007EC95D /* Resources */,
			);
			buildRules = (
			);
			dependencies = (
			);
			name = ZoomableTableHeader;
			productName = ZoomableTableHeader;
			productReference = 6609CC5E213EED1B007EC95D /* ZoomableTableHeader.app */;
			productType = "com.apple.product-type.application";
		};
		6609CC71213EED1E007EC95D /* ZoomableTableHeaderTests */ = {
			isa = PBXNativeTarget;
			buildConfigurationList = 6609CC89213EED1E007EC95D /* Build configuration list for PBXNativeTarget "ZoomableTableHeaderTests" */;
			buildPhases = (
				6609CC6E213EED1E007EC95D /* Sources */,
				6609CC6F213EED1E007EC95D /* Frameworks */,
				6609CC70213EED1E007EC95D /* Resources */,
			);
			buildRules = (
			);
			dependencies = (
				6609CC74213EED1E007EC95D /* PBXTargetDependency */,
			);
			name = ZoomableTableHeaderTests;
			productName = ZoomableTableHeaderTests;
			productReference = 6609CC72213EED1E007EC95D /* ZoomableTableHeaderTests.xctest */;
			productType = "com.apple.product-type.bundle.unit-test";
		};
		6609CC7C213EED1E007EC95D /* ZoomableTableHeaderUITests */ = {
			isa = PBXNativeTarget;
			buildConfigurationList = 6609CC8C213EED1E007EC95D /* Build configuration list for PBXNativeTarget "ZoomableTableHeaderUITests" */;
			buildPhases = (
				6609CC79213EED1E007EC95D /* Sources */,
				6609CC7A213EED1E007EC95D /* Frameworks */,
				6609CC7B213EED1E007EC95D /* Resources */,
			);
			buildRules = (
			);
			dependencies = (
				6609CC7F213EED1E007EC95D /* PBXTargetDependency */,
			);
			name = ZoomableTableHeaderUITests;
			productName = ZoomableTableHeaderUITests;
			productReference = 6609CC7D213EED1E007EC95D /* ZoomableTableHeaderUITests.xctest */;
			productType = "com.apple.product-type.bundle.ui-testing";
		};
/* End PBXNativeTarget section */

/* Begin PBXProject section */
		6609CC56213EED1B007EC95D /* Project object */ = {
			isa = PBXProject;
			attributes = {
				LastSwiftUpdateCheck = 0940;
				LastUpgradeCheck = 0940;
				ORGANIZATIONNAME = "Reona Kubo";
				TargetAttributes = {
					6609CC5D213EED1B007EC95D = {
						CreatedOnToolsVersion = 9.4.1;
					};
					6609CC71213EED1E007EC95D = {
						CreatedOnToolsVersion = 9.4.1;
						TestTargetID = 6609CC5D213EED1B007EC95D;
					};
					6609CC7C213EED1E007EC95D = {
						CreatedOnToolsVersion = 9.4.1;
						TestTargetID = 6609CC5D213EED1B007EC95D;
					};
				};
			};
			buildConfigurationList = 6609CC59213EED1B007EC95D /* Build configuration list for PBXProject "ZoomableTableHeader" */;
			compatibilityVersion = "Xcode 9.3";
			developmentRegion = en;
			hasScannedForEncodings = 0;
			knownRegions = (
				en,
				Base,
			);
			mainGroup = 6609CC55213EED1B007EC95D;
			productRefGroup = 6609CC5F213EED1B007EC95D /* Products */;
			projectDirPath = "";
			projectRoot = "";
			targets = (
				6609CC5D213EED1B007EC95D /* ZoomableTableHeader */,
				6609CC71213EED1E007EC95D /* ZoomableTableHeaderTests */,
				6609CC7C213EED1E007EC95D /* ZoomableTableHeaderUITests */,
			);
		};
/* End PBXProject section */

/* Begin PBXResourcesBuildPhase section */
		6609CC5C213EED1B007EC95D /* Resources */ = {
			isa = PBXResourcesBuildPhase;
			buildActionMask = 2147483647;
			files = (
				6609CC6C213EED1E007EC95D /* LaunchScreen.storyboard in Resources */,
				6609CC69213EED1E007EC95D /* Assets.xcassets in Resources */,
				6609CC67213EED1B007EC95D /* Main.storyboard in Resources */,
			);
			runOnlyForDeploymentPostprocessing = 0;
		};
		6609CC70213EED1E007EC95D /* Resources */ = {
			isa = PBXResourcesBuildPhase;
			buildActionMask = 2147483647;
			files = (
			);
			runOnlyForDeploymentPostprocessing = 0;
		};
		6609CC7B213EED1E007EC95D /* Resources */ = {
			isa = PBXResourcesBuildPhase;
			buildActionMask = 2147483647;
			files = (
			);
			runOnlyForDeploymentPostprocessing = 0;
		};
/* End PBXResourcesBuildPhase section */

/* Begin PBXSourcesBuildPhase section */
		6609CC5A213EED1B007EC95D /* Sources */ = {
			isa = PBXSourcesBuildPhase;
			buildActionMask = 2147483647;
			files = (
				6609CC64213EED1B007EC95D /* ViewController.swift in Sources */,
				6609CC62213EED1B007EC95D /* AppDelegate.swift in Sources */,
			);
			runOnlyForDeploymentPostprocessing = 0;
		};
		6609CC6E213EED1E007EC95D /* Sources */ = {
			isa = PBXSourcesBuildPhase;
			buildActionMask = 2147483647;
			files = (
				6609CC77213EED1E007EC95D /* ZoomableTableHeaderTests.swift in Sources */,
			);
			runOnlyForDeploymentPostprocessing = 0;
		};
		6609CC79213EED1E007EC95D /* Sources */ = {
			isa = PBXSourcesBuildPhase;
			buildActionMask = 2147483647;
			files = (
				6609CC82213EED1E007EC95D /* ZoomableTableHeaderUITests.swift in Sources */,
			);
			runOnlyForDeploymentPostprocessing = 0;
		};
/* End PBXSourcesBuildPhase section */

/* Begin PBXTargetDependency section */
		6609CC74213EED1E007EC95D /* PBXTargetDependency */ = {
			isa = PBXTargetDependency;
			target = 6609CC5D213EED1B007EC95D /* ZoomableTableHeader */;
			targetProxy = 6609CC73213EED1E007EC95D /* PBXContainerItemProxy */;
		};
		6609CC7F213EED1E007EC95D /* PBXTargetDependency */ = {
			isa = PBXTargetDependency;
			target = 6609CC5D213EED1B007EC95D /* ZoomableTableHeader */;
			targetProxy = 6609CC7E213EED1E007EC95D /* PBXContainerItemProxy */;
		};
/* End PBXTargetDependency section */

/* Begin PBXVariantGroup section */
		6609CC65213EED1B007EC95D /* Main.storyboard */ = {
			isa = PBXVariantGroup;
			children = (
				6609CC66213EED1B007EC95D /* Base */,
			);
			name = Main.storyboard;
			sourceTree = "<group>";
		};
		6609CC6A213EED1E007EC95D /* LaunchScreen.storyboard */ = {
			isa = PBXVariantGroup;
			children = (
				6609CC6B213EED1E007EC95D /* Base */,
			);
			name = LaunchScreen.storyboard;
			sourceTree = "<group>";
		};
/* End PBXVariantGroup section */

/* Begin XCBuildConfiguration section */
		6609CC84213EED1E007EC95D /* Debug */ = {
			isa = XCBuildConfiguration;
			buildSettings = {
				ALWAYS_SEARCH_USER_PATHS = NO;
				CLANG_ANALYZER_NONNULL = YES;
				CLANG_ANALYZER_NUMBER_OBJECT_CONVERSION = YES_AGGRESSIVE;
				CLANG_CXX_LANGUAGE_STANDARD = "gnu++14";
				CLANG_CXX_LIBRARY = "libc++";
				CLANG_ENABLE_MODULES = YES;
				CLANG_ENABLE_OBJC_ARC = YES;
				CLANG_ENABLE_OBJC_WEAK = YES;
				CLANG_WARN_BLOCK_CAPTURE_AUTORELEASING = YES;
				CLANG_WARN_BOOL_CONVERSION = YES;
				CLANG_WARN_COMMA = YES;
				CLANG_WARN_CONSTANT_CONVERSION = YES;
				CLANG_WARN_DEPRECATED_OBJC_IMPLEMENTATIONS = YES;
				CLANG_WARN_DIRECT_OBJC_ISA_USAGE = YES_ERROR;
				CLANG_WARN_DOCUMENTATION_COMMENTS = YES;
				CLANG_WARN_EMPTY_BODY = YES;
				CLANG_WARN_ENUM_CONVERSION = YES;
				CLANG_WARN_INFINITE_RECURSION = YES;
				CLANG_WARN_INT_CONVERSION = YES;
				CLANG_WARN_NON_LITERAL_NULL_CONVERSION = YES;
				CLANG_WARN_OBJC_IMPLICIT_RETAIN_SELF = YES;
				CLANG_WARN_OBJC_LITERAL_CONVERSION = YES;
				CLANG_WARN_OBJC_ROOT_CLASS = YES_ERROR;
				CLANG_WARN_RANGE_LOOP_ANALYSIS = YES;
				CLANG_WARN_STRICT_PROTOTYPES = YES;
				CLANG_WARN_SUSPICIOUS_MOVE = YES;
				CLANG_WARN_UNGUARDED_AVAILABILITY = YES_AGGRESSIVE;
				CLANG_WARN_UNREACHABLE_CODE = YES;
				CLANG_WARN__DUPLICATE_METHOD_MATCH = YES;
				CODE_SIGN_IDENTITY = "iPhone Developer";
				COPY_PHASE_STRIP = NO;
				DEBUG_INFORMATION_FORMAT = dwarf;
				ENABLE_STRICT_OBJC_MSGSEND = YES;
				ENABLE_TESTABILITY = YES;
				GCC_C_LANGUAGE_STANDARD = gnu11;
				GCC_DYNAMIC_NO_PIC = NO;
				GCC_NO_COMMON_BLOCKS = YES;
				GCC_OPTIMIZATION_LEVEL = 0;
				GCC_PREPROCESSOR_DEFINITIONS = (
					"DEBUG=1",
					"$(inherited)",
				);
				GCC_WARN_64_TO_32_BIT_CONVERSION = YES;
				GCC_WARN_ABOUT_RETURN_TYPE = YES_ERROR;
				GCC_WARN_UNDECLARED_SELECTOR = YES;
				GCC_WARN_UNINITIALIZED_AUTOS = YES_AGGRESSIVE;
				GCC_WARN_UNUSED_FUNCTION = YES;
				GCC_WARN_UNUSED_VARIABLE = YES;
				IPHONEOS_DEPLOYMENT_TARGET = 11.4;
				MTL_ENABLE_DEBUG_INFO = YES;
				ONLY_ACTIVE_ARCH = YES;
				SDKROOT = iphoneos;
				SWIFT_ACTIVE_COMPILATION_CONDITIONS = DEBUG;
				SWIFT_OPTIMIZATION_LEVEL = "-Onone";
			};
			name = Debug;
		};
		6609CC85213EED1E007EC95D /* Release */ = {
			isa = XCBuildConfiguration;
			buildSettings = {
				ALWAYS_SEARCH_USER_PATHS = NO;
				CLANG_ANALYZER_NONNULL = YES;
				CLANG_ANALYZER_NUMBER_OBJECT_CONVERSION = YES_AGGRESSIVE;
				CLANG_CXX_LANGUAGE_STANDARD = "gnu++14";
				CLANG_CXX_LIBRARY = "libc++";
				CLANG_ENABLE_MODULES = YES;
				CLANG_ENABLE_OBJC_ARC = YES;
				CLANG_ENABLE_OBJC_WEAK = YES;
				CLANG_WARN_BLOCK_CAPTURE_AUTORELEASING = YES;
				CLANG_WARN_BOOL_CONVERSION = YES;
				CLANG_WARN_COMMA = YES;
				CLANG_WARN_CONSTANT_CONVERSION = YES;
				CLANG_WARN_DEPRECATED_OBJC_IMPLEMENTATIONS = YES;
				CLANG_WARN_DIRECT_OBJC_ISA_USAGE = YES_ERROR;
				CLANG_WARN_DOCUMENTATION_COMMENTS = YES;
				CLANG_WARN_EMPTY_BODY = YES;
				CLANG_WARN_ENUM_CONVERSION = YES;
				CLANG_WARN_INFINITE_RECURSION = YES;
				CLANG_WARN_INT_CONVERSION = YES;
				CLANG_WARN_NON_LITERAL_NULL_CONVERSION = YES;
				CLANG_WARN_OBJC_IMPLICIT_RETAIN_SELF = YES;
				CLANG_WARN_OBJC_LITERAL_CONVERSION = YES;
				CLANG_WARN_OBJC_ROOT_CLASS = YES_ERROR;
				CLANG_WARN_RANGE_LOOP_ANALYSIS = YES;
				CLANG_WARN_STRICT_PROTOTYPES = YES;
				CLANG_WARN_SUSPICIOUS_MOVE = YES;
				CLANG_WARN_UNGUARDED_AVAILABILITY = YES_AGGRESSIVE;
				CLANG_WARN_UNREACHABLE_CODE = YES;
				CLANG_WARN__DUPLICATE_METHOD_MATCH = YES;
				CODE_SIGN_IDENTITY = "iPhone Developer";
				COPY_PHASE_STRIP = NO;
				DEBUG_INFORMATION_FORMAT = "dwarf-with-dsym";
				ENABLE_NS_ASSERTIONS = NO;
				ENABLE_STRICT_OBJC_MSGSEND = YES;
				GCC_C_LANGUAGE_STANDARD = gnu11;
				GCC_NO_COMMON_BLOCKS = YES;
				GCC_WARN_64_TO_32_BIT_CONVERSION = YES;
				GCC_WARN_ABOUT_RETURN_TYPE = YES_ERROR;
				GCC_WARN_UNDECLARED_SELECTOR = YES;
				GCC_WARN_UNINITIALIZED_AUTOS = YES_AGGRESSIVE;
				GCC_WARN_UNUSED_FUNCTION = YES;
				GCC_WARN_UNUSED_VARIABLE = YES;
				IPHONEOS_DEPLOYMENT_TARGET = 11.4;
				MTL_ENABLE_DEBUG_INFO = NO;
				SDKROOT = iphoneos;
				SWIFT_COMPILATION_MODE = wholemodule;
				SWIFT_OPTIMIZATION_LEVEL = "-O";
				VALIDATE_PRODUCT = YES;
			};
			name = Release;
		};
		6609CC87213EED1E007EC95D /* Debug */ = {
			isa = XCBuildConfiguration;
			buildSettings = {
				ASSETCATALOG_COMPILER_APPICON_NAME = AppIcon;
				CODE_SIGN_STYLE = Automatic;
				DEVELOPMENT_TEAM = Q2UN54KG3Y;
				INFOPLIST_FILE = ZoomableTableHeader/Info.plist;
				LD_RUNPATH_SEARCH_PATHS = (
					"$(inherited)",
					"@executable_path/Frameworks",
				);
				PRODUCT_BUNDLE_IDENTIFIER = xyz.uruly.ZoomableTableHeader;
				PRODUCT_NAME = "$(TARGET_NAME)";
				SWIFT_VERSION = 4.0;
				TARGETED_DEVICE_FAMILY = "1,2";
			};
			name = Debug;
		};
		6609CC88213EED1E007EC95D /* Release */ = {
			isa = XCBuildConfiguration;
			buildSettings = {
				ASSETCATALOG_COMPILER_APPICON_NAME = AppIcon;
				CODE_SIGN_STYLE = Automatic;
				DEVELOPMENT_TEAM = Q2UN54KG3Y;
				INFOPLIST_FILE = ZoomableTableHeader/Info.plist;
				LD_RUNPATH_SEARCH_PATHS = (
					"$(inherited)",
					"@executable_path/Frameworks",
				);
				PRODUCT_BUNDLE_IDENTIFIER = xyz.uruly.ZoomableTableHeader;
				PRODUCT_NAME = "$(TARGET_NAME)";
				SWIFT_VERSION = 4.0;
				TARGETED_DEVICE_FAMILY = "1,2";
			};
			name = Release;
		};
		6609CC8A213EED1E007EC95D /* Debug */ = {
			isa = XCBuildConfiguration;
			buildSettings = {
				ALWAYS_EMBED_SWIFT_STANDARD_LIBRARIES = YES;
				BUNDLE_LOADER = "$(TEST_HOST)";
				CODE_SIGN_STYLE = Automatic;
				DEVELOPMENT_TEAM = Q2UN54KG3Y;
				INFOPLIST_FILE = ZoomableTableHeaderTests/Info.plist;
				LD_RUNPATH_SEARCH_PATHS = (
					"$(inherited)",
					"@executable_path/Frameworks",
					"@loader_path/Frameworks",
				);
				PRODUCT_BUNDLE_IDENTIFIER = xyz.uruly.ZoomableTableHeaderTests;
				PRODUCT_NAME = "$(TARGET_NAME)";
				SWIFT_VERSION = 4.0;
				TARGETED_DEVICE_FAMILY = "1,2";
				TEST_HOST = "$(BUILT_PRODUCTS_DIR)/ZoomableTableHeader.app/ZoomableTableHeader";
			};
			name = Debug;
		};
		6609CC8B213EED1E007EC95D /* Release */ = {
			isa = XCBuildConfiguration;
			buildSettings = {
				ALWAYS_EMBED_SWIFT_STANDARD_LIBRARIES = YES;
				BUNDLE_LOADER = "$(TEST_HOST)";
				CODE_SIGN_STYLE = Automatic;
				DEVELOPMENT_TEAM = Q2UN54KG3Y;
				INFOPLIST_FILE = ZoomableTableHeaderTests/Info.plist;
				LD_RUNPATH_SEARCH_PATHS = (
					"$(inherited)",
					"@executable_path/Frameworks",
					"@loader_path/Frameworks",
				);
				PRODUCT_BUNDLE_IDENTIFIER = xyz.uruly.ZoomableTableHeaderTests;
				PRODUCT_NAME = "$(TARGET_NAME)";
				SWIFT_VERSION = 4.0;
				TARGETED_DEVICE_FAMILY = "1,2";
				TEST_HOST = "$(BUILT_PRODUCTS_DIR)/ZoomableTableHeader.app/ZoomableTableHeader";
			};
			name = Release;
		};
		6609CC8D213EED1E007EC95D /* Debug */ = {
			isa = XCBuildConfiguration;
			buildSettings = {
				ALWAYS_EMBED_SWIFT_STANDARD_LIBRARIES = YES;
				CODE_SIGN_STYLE = Automatic;
				DEVELOPMENT_TEAM = Q2UN54KG3Y;
				INFOPLIST_FILE = ZoomableTableHeaderUITests/Info.plist;
				LD_RUNPATH_SEARCH_PATHS = (
					"$(inherited)",
					"@executable_path/Frameworks",
					"@loader_path/Frameworks",
				);
				PRODUCT_BUNDLE_IDENTIFIER = xyz.uruly.ZoomableTableHeaderUITests;
				PRODUCT_NAME = "$(TARGET_NAME)";
				SWIFT_VERSION = 4.0;
				TARGETED_DEVICE_FAMILY = "1,2";
				TEST_TARGET_NAME = ZoomableTableHeader;
			};
			name = Debug;
		};
		6609CC8E213EED1E007EC95D /* Release */ = {
			isa = XCBuildConfiguration;
			buildSettings = {
				ALWAYS_EMBED_SWIFT_STANDARD_LIBRARIES = YES;
				CODE_SIGN_STYLE = Automatic;
				DEVELOPMENT_TEAM = Q2UN54KG3Y;
				INFOPLIST_FILE = ZoomableTableHeaderUITests/Info.plist;
				LD_RUNPATH_SEARCH_PATHS = (
					"$(inherited)",
					"@executable_path/Frameworks",
					"@loader_path/Frameworks",
				);
				PRODUCT_BUNDLE_IDENTIFIER = xyz.uruly.ZoomableTableHeaderUITests;
				PRODUCT_NAME = "$(TARGET_NAME)";
				SWIFT_VERSION = 4.0;
				TARGETED_DEVICE_FAMILY = "1,2";
				TEST_TARGET_NAME = ZoomableTableHeader;
			};
			name = Release;
		};
/* End XCBuildConfiguration section */

/* Begin XCConfigurationList section */
		6609CC59213EED1B007EC95D /* Build configuration list for PBXProject "ZoomableTableHeader" */ = {
			isa = XCConfigurationList;
			buildConfigurations = (
				6609CC84213EED1E007EC95D /* Debug */,
				6609CC85213EED1E007EC95D /* Release */,
			);
			defaultConfigurationIsVisible = 0;
			defaultConfigurationName = Release;
		};
		6609CC86213EED1E007EC95D /* Build configuration list for PBXNativeTarget "ZoomableTableHeader" */ = {
			isa = XCConfigurationList;
			buildConfigurations = (
				6609CC87213EED1E007EC95D /* Debug */,
				6609CC88213EED1E007EC95D /* Release */,
			);
			defaultConfigurationIsVisible = 0;
			defaultConfigurationName = Release;
		};
		6609CC89213EED1E007EC95D /* Build configuration list for PBXNativeTarget "ZoomableTableHeaderTests" */ = {
			isa = XCConfigurationList;
			buildConfigurations = (
				6609CC8A213EED1E007EC95D /* Debug */,
				6609CC8B213EED1E007EC95D /* Release */,
			);
			defaultConfigurationIsVisible = 0;
			defaultConfigurationName = Release;
		};
		6609CC8C213EED1E007EC95D /* Build configuration list for PBXNativeTarget "ZoomableTableHeaderUITests" */ = {
			isa = XCConfigurationList;
			buildConfigurations = (
				6609CC8D213EED1E007EC95D /* Debug */,
				6609CC8E213EED1E007EC95D /* Release */,
			);
			defaultConfigurationIsVisible = 0;
			defaultConfigurationName = Release;
		};
/* End XCConfigurationList section */
	};
	rootObject = 6609CC56213EED1B007EC95D /* Project object */;
}
